
Microsoft Visual Studio Solution File, Format Version 12.00
# Visual Studio Version 17
VisualStudioVersion = 17.10.35122.118
MinimumVisualStudioVersion = 10.0.40219.1
Project("{FAE04EC0-301F-11D3-BF4B-00C04F79EFBC}") = "BTSpeculation.Server", "BTSpeculation.Server\BTSpeculation.Server.csproj", "{ED6DBB1B-35D8-44CE-BBF2-96C9176360D1}"
EndProject
Project("{54A90642-561A-4BB1-A94E-469ADEE60C69}") = "btspeculation.client", "btspeculation.client\btspeculation.client.esproj", "{924BB441-9AD8-4BBB-BA37-2181D5C47C83}"
EndProject
Project("{FAE04EC0-301F-11D3-BF4B-00C04F79EFBC}") = "TestBTSpeculation", "TestBTSpeculation\TestBTSpeculation.csproj", "{68D3F426-A4B3-4042-9B71-9482D10F7B4B}"
EndProject
Global
	GlobalSection(SolutionConfigurationPlatforms) = preSolution
		Debug|Any CPU = Debug|Any CPU
		Release|Any CPU = Release|Any CPU
	EndGlobalSection
	GlobalSection(ProjectConfigurationPlatforms) = postSolution
		{ED6DBB1B-35D8-44CE-BBF2-96C9176360D1}.Debug|Any CPU.ActiveCfg = Debug|Any CPU
		{ED6DBB1B-35D8-44CE-BBF2-96C9176360D1}.Debug|Any CPU.Build.0 = Debug|Any CPU
		{ED6DBB1B-35D8-44CE-BBF2-96C9176360D1}.Release|Any CPU.ActiveCfg = Release|Any CPU
		{ED6DBB1B-35D8-44CE-BBF2-96C9176360D1}.Release|Any CPU.Build.0 = Release|Any CPU
		{924BB441-9AD8-4BBB-BA37-2181D5C47C83}.Debug|Any CPU.ActiveCfg = Debug|Any CPU
		{924BB441-9AD8-4BBB-BA37-2181D5C47C83}.Debug|Any CPU.Build.0 = Debug|Any CPU
		{924BB441-9AD8-4BBB-BA37-2181D5C47C83}.Debug|Any CPU.Deploy.0 = Debug|Any CPU
		{924BB441-9AD8-4BBB-BA37-2181D5C47C83}.Release|Any CPU.ActiveCfg = Release|Any CPU
		{924BB441-9AD8-4BBB-BA37-2181D5C47C83}.Release|Any CPU.Build.0 = Release|Any CPU
		{924BB441-9AD8-4BBB-BA37-2181D5C47C83}.Release|Any CPU.Deploy.0 = Release|Any CPU
		{68D3F426-A4B3-4042-9B71-9482D10F7B4B}.Debug|Any CPU.ActiveCfg = Debug|Any CPU
		{68D3F426-A4B3-4042-9B71-9482D10F7B4B}.Debug|Any CPU.Build.0 = Debug|Any CPU
		{68D3F426-A4B3-4042-9B71-9482D10F7B4B}.Release|Any CPU.ActiveCfg = Release|Any CPU
		{68D3F426-A4B3-4042-9B71-9482D10F7B4B}.Release|Any CPU.Build.0 = Release|Any CPU
	EndGlobalSection
	GlobalSection(SolutionProperties) = preSolution
		HideSolutionNode = FALSE
	EndGlobalSection
	GlobalSection(ExtensibilityGlobals) = postSolution
		SolutionGuid = {4572658C-788D-48C3-B204-9E06D9892060}
	EndGlobalSection
EndGlobal
